
Microsoft Visual Studio Solution File, Format Version 12.00
# Visual Studio Version 17
VisualStudioVersion = 17.14.36202.13 d17.14
MinimumVisualStudioVersion = 10.0.40219.1
Project("{FAE04EC0-301F-11D3-BF4B-00C04F79EFBC}") = "UI", "UI\UI\UI.csproj", "{CB8A24D8-944B-4AF5-B42C-D747CF7916CE}"
EndProject
Project("{FAE04EC0-301F-11D3-BF4B-00C04F79EFBC}") = "UI.Client", "UI\UI.Client\UI.Client.csproj", "{099F9739-C4A0-4F06-ABAE-8BAF378B6707}"
EndProject
Global
	GlobalSection(SolutionConfigurationPlatforms) = preSolution
		Debug|Any CPU = Debug|Any CPU
		Release|Any CPU = Release|Any CPU
	EndGlobalSection
	GlobalSection(ProjectConfigurationPlatforms) = postSolution
		{CB8A24D8-944B-4AF5-B42C-D747CF7916CE}.Debug|Any CPU.ActiveCfg = Debug|Any CPU
		{CB8A24D8-944B-4AF5-B42C-D747CF7916CE}.Debug|Any CPU.Build.0 = Debug|Any CPU
		{CB8A24D8-944B-4AF5-B42C-D747CF7916CE}.Release|Any CPU.ActiveCfg = Release|Any CPU
		{CB8A24D8-944B-4AF5-B42C-D747CF7916CE}.Release|Any CPU.Build.0 = Release|Any CPU
		{099F9739-C4A0-4F06-ABAE-8BAF378B6707}.Debug|Any CPU.ActiveCfg = Debug|Any CPU
		{099F9739-C4A0-4F06-ABAE-8BAF378B6707}.Debug|Any CPU.Build.0 = Debug|Any CPU
		{099F9739-C4A0-4F06-ABAE-8BAF378B6707}.Release|Any CPU.ActiveCfg = Release|Any CPU
		{099F9739-C4A0-4F06-ABAE-8BAF378B6707}.Release|Any CPU.Build.0 = Release|Any CPU
	EndGlobalSection
	GlobalSection(SolutionProperties) = preSolution
		HideSolutionNode = FALSE
	EndGlobalSection
	GlobalSection(ExtensibilityGlobals) = postSolution
		SolutionGuid = {0585F286-0268-4B96-B13A-CBFB5A7B88D7}
	EndGlobalSection
EndGlobal
